
Microsoft Visual Studio Solution File, Format Version 12.00
# Visual Studio 2013
VisualStudioVersion = 12.0.30501.0
MinimumVisualStudioVersion = 10.0.40219.1
Project("{FAE04EC0-301F-11D3-BF4B-00C04F79EFBC}") = "FxSyncNet", "FxSyncNet\FxSyncNet.csproj", "{3B75F58D-C92B-4D83-9618-FF4AE60B4D0B}"
EndProject
Project("{FAE04EC0-301F-11D3-BF4B-00C04F79EFBC}") = "FxSyncNet.Tests", "FxSyncNet.Tests\FxSyncNet.Tests.csproj", "{7FCB16F4-5EF0-46A5-BCB3-2EE5A8B0BC7F}"
EndProject
Project("{FAE04EC0-301F-11D3-BF4B-00C04F79EFBC}") = "FxSyncNet.DemoClient", "FxSyncNet.DemoClient\FxSyncNet.DemoClient.csproj", "{4896E0FB-810F-468F-9895-D248C1CAAAD3}"
EndProject
Project("{FAE04EC0-301F-11D3-BF4B-00C04F79EFBC}") = "FxSyncNet.Universal", "FxSyncNet.Universal\FxSyncNet.Universal.csproj", "{371F0626-17E9-46E2-9CF9-46BBAC470D48}"
EndProject
Project("{FAE04EC0-301F-11D3-BF4B-00C04F79EFBC}") = "FxSyncNet.PhoneDemoClient", "FxSyncNet.PhoneDemoClient\FxSyncNet.PhoneDemoClient.csproj", "{04013C21-4875-48A4-A6CF-45A39F0C1B11}"
EndProject
Project("{FAE04EC0-301F-11D3-BF4B-00C04F79EFBC}") = "FxSyncNet.WindowsStoreDemoClient", "FxSyncNet.WindowsStoreDemoClient\FxSyncNet.WindowsStoreDemoClient.csproj", "{80624B6C-C5E9-48C5-8012-FED55A2C84F2}"
EndProject
Project("{FAE04EC0-301F-11D3-BF4B-00C04F79EFBC}") = "FxSyncNet.Universal.Tests", "FxSyncNet.Universal.Tests\FxSyncNet.Universal.Tests.csproj", "{B7954450-EB71-4466-ACD2-610C6E68F230}"
EndProject
Project("{FAE04EC0-301F-11D3-BF4B-00C04F79EFBC}") = "JWT.Universal", "JWT.Universal\JWT.Universal.csproj", "{46B4AFFB-06CC-4A48-A45D-F0114C39564F}"
EndProject
Global
	GlobalSection(SolutionConfigurationPlatforms) = preSolution
		Debug|Any CPU = Debug|Any CPU
		Debug|ARM = Debug|ARM
		Debug|x64 = Debug|x64
		Debug|x86 = Debug|x86
		Release|Any CPU = Release|Any CPU
		Release|ARM = Release|ARM
		Release|x64 = Release|x64
		Release|x86 = Release|x86
	EndGlobalSection
	GlobalSection(ProjectConfigurationPlatforms) = postSolution
		{3B75F58D-C92B-4D83-9618-FF4AE60B4D0B}.Debug|Any CPU.ActiveCfg = Debug|Any CPU
		{3B75F58D-C92B-4D83-9618-FF4AE60B4D0B}.Debug|Any CPU.Build.0 = Debug|Any CPU
		{3B75F58D-C92B-4D83-9618-FF4AE60B4D0B}.Debug|ARM.ActiveCfg = Debug|Any CPU
		{3B75F58D-C92B-4D83-9618-FF4AE60B4D0B}.Debug|x64.ActiveCfg = Debug|Any CPU
		{3B75F58D-C92B-4D83-9618-FF4AE60B4D0B}.Debug|x86.ActiveCfg = Debug|Any CPU
		{3B75F58D-C92B-4D83-9618-FF4AE60B4D0B}.Release|Any CPU.ActiveCfg = Release|Any CPU
		{3B75F58D-C92B-4D83-9618-FF4AE60B4D0B}.Release|Any CPU.Build.0 = Release|Any CPU
		{3B75F58D-C92B-4D83-9618-FF4AE60B4D0B}.Release|ARM.ActiveCfg = Release|Any CPU
		{3B75F58D-C92B-4D83-9618-FF4AE60B4D0B}.Release|x64.ActiveCfg = Release|Any CPU
		{3B75F58D-C92B-4D83-9618-FF4AE60B4D0B}.Release|x86.ActiveCfg = Release|Any CPU
		{7FCB16F4-5EF0-46A5-BCB3-2EE5A8B0BC7F}.Debug|Any CPU.ActiveCfg = Debug|Any CPU
		{7FCB16F4-5EF0-46A5-BCB3-2EE5A8B0BC7F}.Debug|Any CPU.Build.0 = Debug|Any CPU
		{7FCB16F4-5EF0-46A5-BCB3-2EE5A8B0BC7F}.Debug|ARM.ActiveCfg = Debug|Any CPU
		{7FCB16F4-5EF0-46A5-BCB3-2EE5A8B0BC7F}.Debug|x64.ActiveCfg = Debug|Any CPU
		{7FCB16F4-5EF0-46A5-BCB3-2EE5A8B0BC7F}.Debug|x86.ActiveCfg = Debug|Any CPU
		{7FCB16F4-5EF0-46A5-BCB3-2EE5A8B0BC7F}.Release|Any CPU.ActiveCfg = Release|Any CPU
		{7FCB16F4-5EF0-46A5-BCB3-2EE5A8B0BC7F}.Release|Any CPU.Build.0 = Release|Any CPU
		{7FCB16F4-5EF0-46A5-BCB3-2EE5A8B0BC7F}.Release|ARM.ActiveCfg = Release|Any CPU
		{7FCB16F4-5EF0-46A5-BCB3-2EE5A8B0BC7F}.Release|x64.ActiveCfg = Release|Any CPU
		{7FCB16F4-5EF0-46A5-BCB3-2EE5A8B0BC7F}.Release|x86.ActiveCfg = Release|Any CPU
		{4896E0FB-810F-468F-9895-D248C1CAAAD3}.Debug|Any CPU.ActiveCfg = Debug|Any CPU
		{4896E0FB-810F-468F-9895-D248C1CAAAD3}.Debug|Any CPU.Build.0 = Debug|Any CPU
		{4896E0FB-810F-468F-9895-D248C1CAAAD3}.Debug|ARM.ActiveCfg = Debug|Any CPU
		{4896E0FB-810F-468F-9895-D248C1CAAAD3}.Debug|x64.ActiveCfg = Debug|Any CPU
		{4896E0FB-810F-468F-9895-D248C1CAAAD3}.Debug|x86.ActiveCfg = Debug|Any CPU
		{4896E0FB-810F-468F-9895-D248C1CAAAD3}.Release|Any CPU.ActiveCfg = Release|Any CPU
		{4896E0FB-810F-468F-9895-D248C1CAAAD3}.Release|Any CPU.Build.0 = Release|Any CPU
		{4896E0FB-810F-468F-9895-D248C1CAAAD3}.Release|ARM.ActiveCfg = Release|Any CPU
		{4896E0FB-810F-468F-9895-D248C1CAAAD3}.Release|x64.ActiveCfg = Release|Any CPU
		{4896E0FB-810F-468F-9895-D248C1CAAAD3}.Release|x86.ActiveCfg = Release|Any CPU
		{371F0626-17E9-46E2-9CF9-46BBAC470D48}.Debug|Any CPU.ActiveCfg = Debug|Any CPU
		{371F0626-17E9-46E2-9CF9-46BBAC470D48}.Debug|Any CPU.Build.0 = Debug|Any CPU
		{371F0626-17E9-46E2-9CF9-46BBAC470D48}.Debug|ARM.ActiveCfg = Debug|Any CPU
		{371F0626-17E9-46E2-9CF9-46BBAC470D48}.Debug|x64.ActiveCfg = Debug|Any CPU
		{371F0626-17E9-46E2-9CF9-46BBAC470D48}.Debug|x86.ActiveCfg = Debug|Any CPU
		{371F0626-17E9-46E2-9CF9-46BBAC470D48}.Release|Any CPU.ActiveCfg = Release|Any CPU
		{371F0626-17E9-46E2-9CF9-46BBAC470D48}.Release|Any CPU.Build.0 = Release|Any CPU
		{371F0626-17E9-46E2-9CF9-46BBAC470D48}.Release|ARM.ActiveCfg = Release|Any CPU
		{371F0626-17E9-46E2-9CF9-46BBAC470D48}.Release|x64.ActiveCfg = Release|Any CPU
		{371F0626-17E9-46E2-9CF9-46BBAC470D48}.Release|x86.ActiveCfg = Release|Any CPU
		{04013C21-4875-48A4-A6CF-45A39F0C1B11}.Debug|Any CPU.ActiveCfg = Debug|Any CPU
		{04013C21-4875-48A4-A6CF-45A39F0C1B11}.Debug|Any CPU.Build.0 = Debug|Any CPU
		{04013C21-4875-48A4-A6CF-45A39F0C1B11}.Debug|Any CPU.Deploy.0 = Debug|Any CPU
		{04013C21-4875-48A4-A6CF-45A39F0C1B11}.Debug|ARM.ActiveCfg = Debug|ARM
		{04013C21-4875-48A4-A6CF-45A39F0C1B11}.Debug|ARM.Build.0 = Debug|ARM
		{04013C21-4875-48A4-A6CF-45A39F0C1B11}.Debug|ARM.Deploy.0 = Debug|ARM
		{04013C21-4875-48A4-A6CF-45A39F0C1B11}.Debug|x64.ActiveCfg = Debug|Any CPU
		{04013C21-4875-48A4-A6CF-45A39F0C1B11}.Debug|x86.ActiveCfg = Debug|x86
		{04013C21-4875-48A4-A6CF-45A39F0C1B11}.Debug|x86.Build.0 = Debug|x86
		{04013C21-4875-48A4-A6CF-45A39F0C1B11}.Debug|x86.Deploy.0 = Debug|x86
		{04013C21-4875-48A4-A6CF-45A39F0C1B11}.Release|Any CPU.ActiveCfg = Release|Any CPU
		{04013C21-4875-48A4-A6CF-45A39F0C1B11}.Release|Any CPU.Build.0 = Release|Any CPU
		{04013C21-4875-48A4-A6CF-45A39F0C1B11}.Release|Any CPU.Deploy.0 = Release|Any CPU
		{04013C21-4875-48A4-A6CF-45A39F0C1B11}.Release|ARM.ActiveCfg = Release|ARM
		{04013C21-4875-48A4-A6CF-45A39F0C1B11}.Release|ARM.Build.0 = Release|ARM
		{04013C21-4875-48A4-A6CF-45A39F0C1B11}.Release|ARM.Deploy.0 = Release|ARM
		{04013C21-4875-48A4-A6CF-45A39F0C1B11}.Release|x64.ActiveCfg = Release|Any CPU
		{04013C21-4875-48A4-A6CF-45A39F0C1B11}.Release|x86.ActiveCfg = Release|x86
		{04013C21-4875-48A4-A6CF-45A39F0C1B11}.Release|x86.Build.0 = Release|x86
		{04013C21-4875-48A4-A6CF-45A39F0C1B11}.Release|x86.Deploy.0 = Release|x86
		{80624B6C-C5E9-48C5-8012-FED55A2C84F2}.Debug|Any CPU.ActiveCfg = Debug|Any CPU
		{80624B6C-C5E9-48C5-8012-FED55A2C84F2}.Debug|Any CPU.Build.0 = Debug|Any CPU
		{80624B6C-C5E9-48C5-8012-FED55A2C84F2}.Debug|Any CPU.Deploy.0 = Debug|Any CPU
		{80624B6C-C5E9-48C5-8012-FED55A2C84F2}.Debug|ARM.ActiveCfg = Debug|ARM
		{80624B6C-C5E9-48C5-8012-FED55A2C84F2}.Debug|ARM.Build.0 = Debug|ARM
		{80624B6C-C5E9-48C5-8012-FED55A2C84F2}.Debug|ARM.Deploy.0 = Debug|ARM
		{80624B6C-C5E9-48C5-8012-FED55A2C84F2}.Debug|x64.ActiveCfg = Debug|x64
		{80624B6C-C5E9-48C5-8012-FED55A2C84F2}.Debug|x64.Build.0 = Debug|x64
		{80624B6C-C5E9-48C5-8012-FED55A2C84F2}.Debug|x64.Deploy.0 = Debug|x64
		{80624B6C-C5E9-48C5-8012-FED55A2C84F2}.Debug|x86.ActiveCfg = Debug|x86
		{80624B6C-C5E9-48C5-8012-FED55A2C84F2}.Debug|x86.Build.0 = Debug|x86
		{80624B6C-C5E9-48C5-8012-FED55A2C84F2}.Debug|x86.Deploy.0 = Debug|x86
		{80624B6C-C5E9-48C5-8012-FED55A2C84F2}.Release|Any CPU.ActiveCfg = Release|Any CPU
		{80624B6C-C5E9-48C5-8012-FED55A2C84F2}.Release|Any CPU.Build.0 = Release|Any CPU
		{80624B6C-C5E9-48C5-8012-FED55A2C84F2}.Release|Any CPU.Deploy.0 = Release|Any CPU
		{80624B6C-C5E9-48C5-8012-FED55A2C84F2}.Release|ARM.ActiveCfg = Release|ARM
		{80624B6C-C5E9-48C5-8012-FED55A2C84F2}.Release|ARM.Build.0 = Release|ARM
		{80624B6C-C5E9-48C5-8012-FED55A2C84F2}.Release|ARM.Deploy.0 = Release|ARM
		{80624B6C-C5E9-48C5-8012-FED55A2C84F2}.Release|x64.ActiveCfg = Release|x64
		{80624B6C-C5E9-48C5-8012-FED55A2C84F2}.Release|x64.Build.0 = Release|x64
		{80624B6C-C5E9-48C5-8012-FED55A2C84F2}.Release|x64.Deploy.0 = Release|x64
		{80624B6C-C5E9-48C5-8012-FED55A2C84F2}.Release|x86.ActiveCfg = Release|x86
		{80624B6C-C5E9-48C5-8012-FED55A2C84F2}.Release|x86.Build.0 = Release|x86
		{80624B6C-C5E9-48C5-8012-FED55A2C84F2}.Release|x86.Deploy.0 = Release|x86
		{B7954450-EB71-4466-ACD2-610C6E68F230}.Debug|Any CPU.ActiveCfg = Debug|Any CPU
		{B7954450-EB71-4466-ACD2-610C6E68F230}.Debug|Any CPU.Build.0 = Debug|Any CPU
		{B7954450-EB71-4466-ACD2-610C6E68F230}.Debug|Any CPU.Deploy.0 = Debug|Any CPU
		{B7954450-EB71-4466-ACD2-610C6E68F230}.Debug|ARM.ActiveCfg = Debug|ARM
		{B7954450-EB71-4466-ACD2-610C6E68F230}.Debug|ARM.Build.0 = Debug|ARM
		{B7954450-EB71-4466-ACD2-610C6E68F230}.Debug|ARM.Deploy.0 = Debug|ARM
		{B7954450-EB71-4466-ACD2-610C6E68F230}.Debug|x64.ActiveCfg = Debug|x64
		{B7954450-EB71-4466-ACD2-610C6E68F230}.Debug|x64.Build.0 = Debug|x64
		{B7954450-EB71-4466-ACD2-610C6E68F230}.Debug|x64.Deploy.0 = Debug|x64
		{B7954450-EB71-4466-ACD2-610C6E68F230}.Debug|x86.ActiveCfg = Debug|x86
		{B7954450-EB71-4466-ACD2-610C6E68F230}.Debug|x86.Build.0 = Debug|x86
		{B7954450-EB71-4466-ACD2-610C6E68F230}.Debug|x86.Deploy.0 = Debug|x86
		{B7954450-EB71-4466-ACD2-610C6E68F230}.Release|Any CPU.ActiveCfg = Release|Any CPU
		{B7954450-EB71-4466-ACD2-610C6E68F230}.Release|Any CPU.Build.0 = Release|Any CPU
		{B7954450-EB71-4466-ACD2-610C6E68F230}.Release|Any CPU.Deploy.0 = Release|Any CPU
		{B7954450-EB71-4466-ACD2-610C6E68F230}.Release|ARM.ActiveCfg = Release|ARM
		{B7954450-EB71-4466-ACD2-610C6E68F230}.Release|ARM.Build.0 = Release|ARM
		{B7954450-EB71-4466-ACD2-610C6E68F230}.Release|ARM.Deploy.0 = Release|ARM
		{B7954450-EB71-4466-ACD2-610C6E68F230}.Release|x64.ActiveCfg = Release|x64
		{B7954450-EB71-4466-ACD2-610C6E68F230}.Release|x64.Build.0 = Release|x64
		{B7954450-EB71-4466-ACD2-610C6E68F230}.Release|x64.Deploy.0 = Release|x64
		{B7954450-EB71-4466-ACD2-610C6E68F230}.Release|x86.ActiveCfg = Release|x86
		{B7954450-EB71-4466-ACD2-610C6E68F230}.Release|x86.Build.0 = Release|x86
		{B7954450-EB71-4466-ACD2-610C6E68F230}.Release|x86.Deploy.0 = Release|x86
		{46B4AFFB-06CC-4A48-A45D-F0114C39564F}.Debug|Any CPU.ActiveCfg = Debug|Any CPU
		{46B4AFFB-06CC-4A48-A45D-F0114C39564F}.Debug|Any CPU.Build.0 = Debug|Any CPU
		{46B4AFFB-06CC-4A48-A45D-F0114C39564F}.Debug|ARM.ActiveCfg = Debug|Any CPU
		{46B4AFFB-06CC-4A48-A45D-F0114C39564F}.Debug|x64.ActiveCfg = Debug|Any CPU
		{46B4AFFB-06CC-4A48-A45D-F0114C39564F}.Debug|x86.ActiveCfg = Debug|Any CPU
		{46B4AFFB-06CC-4A48-A45D-F0114C39564F}.Release|Any CPU.ActiveCfg = Release|Any CPU
		{46B4AFFB-06CC-4A48-A45D-F0114C39564F}.Release|Any CPU.Build.0 = Release|Any CPU
		{46B4AFFB-06CC-4A48-A45D-F0114C39564F}.Release|ARM.ActiveCfg = Release|Any CPU
		{46B4AFFB-06CC-4A48-A45D-F0114C39564F}.Release|x64.ActiveCfg = Release|Any CPU
		{46B4AFFB-06CC-4A48-A45D-F0114C39564F}.Release|x86.ActiveCfg = Release|Any CPU
	EndGlobalSection
	GlobalSection(SolutionProperties) = preSolution
		HideSolutionNode = FALSE
	EndGlobalSection
EndGlobal
