
Microsoft Visual Studio Solution File, Format Version 12.00
# Visual Studio 2013
VisualStudioVersion = 12.0.30501.0
MinimumVisualStudioVersion = 10.0.40219.1
Project("{FAE04EC0-301F-11D3-BF4B-00C04F79EFBC}") = "FxSyncNet", "FxSyncNet\FxSyncNet.csproj", "{3B75F58D-C92B-4D83-9618-FF4AE60B4D0B}"
EndProject
Project("{FAE04EC0-301F-11D3-BF4B-00C04F79EFBC}") = "FxSyncNet.Tests", "FxSyncNet.Tests\FxSyncNet.Tests.csproj", "{7FCB16F4-5EF0-46A5-BCB3-2EE5A8B0BC7F}"
EndProject
Global
	GlobalSection(SolutionConfigurationPlatforms) = preSolution
		Debug|Any CPU = Debug|Any CPU
		Release|Any CPU = Release|Any CPU
	EndGlobalSection
	GlobalSection(ProjectConfigurationPlatforms) = postSolution
		{3B75F58D-C92B-4D83-9618-FF4AE60B4D0B}.Debug|Any CPU.ActiveCfg = Debug|Any CPU
		{3B75F58D-C92B-4D83-9618-FF4AE60B4D0B}.Debug|Any CPU.Build.0 = Debug|Any CPU
		{3B75F58D-C92B-4D83-9618-FF4AE60B4D0B}.Release|Any CPU.ActiveCfg = Release|Any CPU
		{3B75F58D-C92B-4D83-9618-FF4AE60B4D0B}.Release|Any CPU.Build.0 = Release|Any CPU
		{7FCB16F4-5EF0-46A5-BCB3-2EE5A8B0BC7F}.Debug|Any CPU.ActiveCfg = Debug|Any CPU
		{7FCB16F4-5EF0-46A5-BCB3-2EE5A8B0BC7F}.Debug|Any CPU.Build.0 = Debug|Any CPU
		{7FCB16F4-5EF0-46A5-BCB3-2EE5A8B0BC7F}.Release|Any CPU.ActiveCfg = Release|Any CPU
		{7FCB16F4-5EF0-46A5-BCB3-2EE5A8B0BC7F}.Release|Any CPU.Build.0 = Release|Any CPU
	EndGlobalSection
	GlobalSection(SolutionProperties) = preSolution
		HideSolutionNode = FALSE
	EndGlobalSection
EndGlobal
